
Microsoft Visual Studio Solution File, Format Version 12.00
# Visual Studio Version 17
VisualStudioVersion = 17.1.32407.343
MinimumVisualStudioVersion = 10.0.40219.1
Project("{FAE04EC0-301F-11D3-BF4B-00C04F79EFBC}") = "Belchfaa", "Belchfaa\Belchfaa.csproj", "{3786822A-D8AD-470E-A399-9734C848F236}"
EndProject
Global
	GlobalSection(SolutionConfigurationPlatforms) = preSolution
		Debug|Any CPU = Debug|Any CPU
		Release|Any CPU = Release|Any CPU
	EndGlobalSection
	GlobalSection(ProjectConfigurationPlatforms) = postSolution
		{3786822A-D8AD-470E-A399-9734C848F236}.Debug|Any CPU.ActiveCfg = Debug|Any CPU
		{3786822A-D8AD-470E-A399-9734C848F236}.Debug|Any CPU.Build.0 = Debug|Any CPU
		{3786822A-D8AD-470E-A399-9734C848F236}.Release|Any CPU.ActiveCfg = Release|Any CPU
		{3786822A-D8AD-470E-A399-9734C848F236}.Release|Any CPU.Build.0 = Release|Any CPU
	EndGlobalSection
	GlobalSection(SolutionProperties) = preSolution
		HideSolutionNode = FALSE
	EndGlobalSection
	GlobalSection(ExtensibilityGlobals) = postSolution
		SolutionGuid = {506A7B7E-5D08-485C-8BFF-1F30D87A49AE}
	EndGlobalSection
EndGlobal
